
Microsoft Visual Studio Solution File, Format Version 12.00
# Visual Studio Version 16
VisualStudioVersion = 16.0.29806.167
MinimumVisualStudioVersion = 10.0.40219.1
Project("{9A19103F-16F7-4668-BE54-9A1E7A4F7556}") = "BusinessLayer", "BusinessLayer\BusinessLayer.csproj", "{8D75562D-A566-42ED-957C-EFE73DC2D34F}"
EndProject
Project("{9A19103F-16F7-4668-BE54-9A1E7A4F7556}") = "DataLayer", "DataLayer\DataLayer.csproj", "{84744FE0-A9C5-4196-BF7D-5547BBD271F4}"
EndProject
Project("{9A19103F-16F7-4668-BE54-9A1E7A4F7556}") = "WebApp", "WebApp\WebApp.csproj", "{6191E182-E4D7-4965-8E09-D4CDD54339ED}"
EndProject
Global
	GlobalSection(SolutionConfigurationPlatforms) = preSolution
		Debug|Any CPU = Debug|Any CPU
		Release|Any CPU = Release|Any CPU
	EndGlobalSection
	GlobalSection(ProjectConfigurationPlatforms) = postSolution
		{8D75562D-A566-42ED-957C-EFE73DC2D34F}.Debug|Any CPU.ActiveCfg = Debug|Any CPU
		{8D75562D-A566-42ED-957C-EFE73DC2D34F}.Debug|Any CPU.Build.0 = Debug|Any CPU
		{8D75562D-A566-42ED-957C-EFE73DC2D34F}.Release|Any CPU.ActiveCfg = Release|Any CPU
		{8D75562D-A566-42ED-957C-EFE73DC2D34F}.Release|Any CPU.Build.0 = Release|Any CPU
		{84744FE0-A9C5-4196-BF7D-5547BBD271F4}.Debug|Any CPU.ActiveCfg = Debug|Any CPU
		{84744FE0-A9C5-4196-BF7D-5547BBD271F4}.Debug|Any CPU.Build.0 = Debug|Any CPU
		{84744FE0-A9C5-4196-BF7D-5547BBD271F4}.Release|Any CPU.ActiveCfg = Release|Any CPU
		{84744FE0-A9C5-4196-BF7D-5547BBD271F4}.Release|Any CPU.Build.0 = Release|Any CPU
		{6191E182-E4D7-4965-8E09-D4CDD54339ED}.Debug|Any CPU.ActiveCfg = Debug|Any CPU
		{6191E182-E4D7-4965-8E09-D4CDD54339ED}.Debug|Any CPU.Build.0 = Debug|Any CPU
		{6191E182-E4D7-4965-8E09-D4CDD54339ED}.Release|Any CPU.ActiveCfg = Release|Any CPU
		{6191E182-E4D7-4965-8E09-D4CDD54339ED}.Release|Any CPU.Build.0 = Release|Any CPU
	EndGlobalSection
	GlobalSection(SolutionProperties) = preSolution
		HideSolutionNode = FALSE
	EndGlobalSection
	GlobalSection(ExtensibilityGlobals) = postSolution
		SolutionGuid = {CB4B8CFD-202C-4649-B835-58F6038F00A3}
	EndGlobalSection
EndGlobal
